{
  "originHash" : "088dbdb44650e8c1ee65543fc4c0b6774a6c86f7714564e62bde2b09a87926e1",
  "pins" : [
    {
      "identity" : "chibi-ray",
      "kind" : "remoteSourceControl",
      "location" : "https://github.com/kateinoigakukun/chibi-ray",
      "state" : {
        "revision" : "c8cab621a3338dd2f8e817d3785362409d3b8cf1"
      }
    },
    {
      "identity" : "javascriptkit",
      "kind" : "remoteSourceControl",
      "location" : "https://github.com/swiftwasm/JavaScriptKit",
      "state" : {
        "revision" : "ea069824e205056292f6e50da995975477841432"
      }
    }
  ],
  "version" : 3
}
