{
  "originHash" : "5ebdf1610d7a778abb1662f52cc517e05b7c69129e54ab87ce59436cfa96dd0f",
  "pins" : [
    {
      "identity" : "chibi-ray",
      "kind" : "remoteSourceControl",
      "location" : "https://github.com/kateinoigakukun/chibi-ray",
      "state" : {
        "revision" : "c8cab621a3338dd2f8e817d3785362409d3b8cf1"
      }
    }
  ],
  "version" : 3
}
