{
  "originHash" : "3c9b668e3bbeffc2ba91f1e418db03bff0ce7c9cd830546989d1cb6041241f24",
  "pins" : [
    {
      "identity" : "chibi-ray",
      "kind" : "remoteSourceControl",
      "location" : "https://github.com/kateinoigakukun/chibi-ray",
      "state" : {
        "revision" : "c8cab621a3338dd2f8e817d3785362409d3b8cf1"
      }
    },
    {
      "identity" : "javascriptkit",
      "kind" : "remoteSourceControl",
      "location" : "https://github.com/swiftwasm/JavaScriptKit",
      "state" : {
        "revision" : "a4daecdede926f532cd7edfddb068ede1b6e26f2"
      }
    }
  ],
  "version" : 3
}
